
Microsoft Visual Studio Solution File, Format Version 11.00
# Visual Studio 2010
Project("{8BC9CEB8-8B4A-11D0-8D11-00A0C91BC942}") = "swf_as2", "swf_as2.vcxproj", "{F0F71105-A7C4-43EF-A72B-469E7D652FE7}"
EndProject
Global
	GlobalSection(SolutionConfigurationPlatforms) = preSolution
		Debug|Win32 = Debug|Win32
		Release|Win32 = Release|Win32
	EndGlobalSection
	GlobalSection(ProjectConfigurationPlatforms) = postSolution
		{F0F71105-A7C4-43EF-A72B-469E7D652FE7}.Debug|Win32.ActiveCfg = Debug|Win32
		{F0F71105-A7C4-43EF-A72B-469E7D652FE7}.Debug|Win32.Build.0 = Debug|Win32
		{F0F71105-A7C4-43EF-A72B-469E7D652FE7}.Release|Win32.ActiveCfg = Release|Win32
		{F0F71105-A7C4-43EF-A72B-469E7D652FE7}.Release|Win32.Build.0 = Release|Win32
	EndGlobalSection
	GlobalSection(SolutionProperties) = preSolution
		HideSolutionNode = FALSE
	EndGlobalSection
EndGlobal
